<?xml version="1.0" encoding="UTF-8"?>
<!DOCTYPE plist PUBLIC "-//Apple//DTD PLIST 1.0//EN" "http://www.apple.com/DTDs/PropertyList-1.0.dtd">
<plist version="1.0">
<dict>
	<key>archiveVersion</key>
	<string>1</string>
	<key>classes</key>
	<dict/>
	<key>objectVersion</key>
	<string>46</string>
	<key>objects</key>
	<dict>
		<key>159A7893F2C4A71335EEA0DB</key>
		<dict>
			<key>children</key>
			<array>
				<string>50C3D238D4A24DA4E349510E</string>
				<string>9B5CBFC0B150569ACE438B69</string>
				<string>90EBE9974115350390E51C13</string>
				<string>751CB899A0460C9847A4EDCA</string>
			</array>
			<key>isa</key>
			<string>PBXGroup</string>
			<key>name</key>
			<string>Pods</string>
			<key>sourceTree</key>
			<string>&lt;group&gt;</string>
		</dict>
		<key>2549A68E43C3B866A93D6AFA</key>
		<dict>
			<key>buildActionMask</key>
			<string>2147483647</string>
			<key>files</key>
			<array/>
			<key>inputPaths</key>
			<array/>
			<key>isa</key>
			<string>PBXShellScriptBuildPhase</string>
			<key>name</key>
			<string>Embed Pods Frameworks</string>
			<key>outputPaths</key>
			<array/>
			<key>runOnlyForDeploymentPostprocessing</key>
			<string>0</string>
			<key>shellPath</key>
			<string>/bin/sh</string>
			<key>shellScript</key>
			<string>"${SRCROOT}/Pods/Target Support Files/Pods-RSSReaderTests/Pods-RSSReaderTests-frameworks.sh"
</string>
			<key>showEnvVarsInLog</key>
			<string>0</string>
		</dict>
		<key>2F509A231A9FA7ED0D87347B</key>
		<dict>
			<key>buildActionMask</key>
			<string>2147483647</string>
			<key>files</key>
			<array/>
			<key>inputPaths</key>
			<array/>
			<key>isa</key>
			<string>PBXShellScriptBuildPhase</string>
			<key>name</key>
			<string>Embed Pods Frameworks</string>
			<key>outputPaths</key>
			<array/>
			<key>runOnlyForDeploymentPostprocessing</key>
			<string>0</string>
			<key>shellPath</key>
			<string>/bin/sh</string>
			<key>shellScript</key>
			<string>"${SRCROOT}/Pods/Target Support Files/Pods-RSSReader/Pods-RSSReader-frameworks.sh"
</string>
			<key>showEnvVarsInLog</key>
			<string>0</string>
		</dict>
		<key>3C20C9AFBBD45FFD68305DA4</key>
		<dict>
			<key>explicitFileType</key>
			<string>wrapper.framework</string>
			<key>includeInIndex</key>
			<string>0</string>
			<key>isa</key>
			<string>PBXFileReference</string>
			<key>path</key>
			<string>Pods_RSSReader.framework</string>
			<key>sourceTree</key>
			<string>BUILT_PRODUCTS_DIR</string>
		</dict>
		<key>4D4158D98BBBAD5480593838</key>
		<dict>
			<key>explicitFileType</key>
			<string>wrapper.framework</string>
			<key>includeInIndex</key>
			<string>0</string>
			<key>isa</key>
			<string>PBXFileReference</string>
			<key>path</key>
			<string>Pods_RSSReaderTests.framework</string>
			<key>sourceTree</key>
			<string>BUILT_PRODUCTS_DIR</string>
		</dict>
		<key>50C3D238D4A24DA4E349510E</key>
		<dict>
			<key>includeInIndex</key>
			<string>1</string>
			<key>isa</key>
			<string>PBXFileReference</string>
			<key>lastKnownFileType</key>
			<string>text.xcconfig</string>
			<key>name</key>
			<string>Pods-RSSReader.debug.xcconfig</string>
			<key>path</key>
			<string>Pods/Target Support Files/Pods-RSSReader/Pods-RSSReader.debug.xcconfig</string>
			<key>sourceTree</key>
			<string>&lt;group&gt;</string>
		</dict>
		<key>5AA7CC7E004DBF5B4E35A744</key>
		<dict>
			<key>fileRef</key>
			<string>4D4158D98BBBAD5480593838</string>
			<key>isa</key>
			<string>PBXBuildFile</string>
			<key>settings</key>
			<dict>
				<key>ATTRIBUTES</key>
				<array>
					<string>Weak</string>
				</array>
			</dict>
		</dict>
		<key>5EA4487C3945CA9CCCF94A2C</key>
		<dict>
			<key>fileRef</key>
			<string>3C20C9AFBBD45FFD68305DA4</string>
			<key>isa</key>
			<string>PBXBuildFile</string>
			<key>settings</key>
			<dict>
				<key>ATTRIBUTES</key>
				<array>
					<string>Weak</string>
				</array>
			</dict>
		</dict>
		<key>751CB899A0460C9847A4EDCA</key>
		<dict>
			<key>includeInIndex</key>
			<string>1</string>
			<key>isa</key>
			<string>PBXFileReference</string>
			<key>lastKnownFileType</key>
			<string>text.xcconfig</string>
			<key>name</key>
			<string>Pods-RSSReaderTests.release.xcconfig</string>
			<key>path</key>
			<string>Pods/Target Support Files/Pods-RSSReaderTests/Pods-RSSReaderTests.release.xcconfig</string>
			<key>sourceTree</key>
			<string>&lt;group&gt;</string>
		</dict>
		<key>76CBC59CB556B53A180569A0</key>
		<dict>
			<key>buildActionMask</key>
			<string>2147483647</string>
			<key>files</key>
			<array/>
			<key>inputPaths</key>
			<array/>
			<key>isa</key>
			<string>PBXShellScriptBuildPhase</string>
			<key>name</key>
			<string>Check Pods Manifest.lock</string>
			<key>outputPaths</key>
			<array/>
			<key>runOnlyForDeploymentPostprocessing</key>
			<string>0</string>
			<key>shellPath</key>
			<string>/bin/sh</string>
			<key>shellScript</key>
			<string>diff "${PODS_ROOT}/../Podfile.lock" "${PODS_ROOT}/Manifest.lock" &gt; /dev/null
if [[ $? != 0 ]] ; then
    cat &lt;&lt; EOM
error: The sandbox is not in sync with the Podfile.lock. Run 'pod install' or update your CocoaPods installation.
EOM
    exit 1
fi
</string>
			<key>showEnvVarsInLog</key>
			<string>0</string>
		</dict>
		<key>90EBE9974115350390E51C13</key>
		<dict>
			<key>includeInIndex</key>
			<string>1</string>
			<key>isa</key>
			<string>PBXFileReference</string>
			<key>lastKnownFileType</key>
			<string>text.xcconfig</string>
			<key>name</key>
			<string>Pods-RSSReaderTests.debug.xcconfig</string>
			<key>path</key>
			<string>Pods/Target Support Files/Pods-RSSReaderTests/Pods-RSSReaderTests.debug.xcconfig</string>
			<key>sourceTree</key>
			<string>&lt;group&gt;</string>
		</dict>
		<key>97C06AA75501CE3675984001</key>
		<dict>
			<key>children</key>
			<array>
				<string>3C20C9AFBBD45FFD68305DA4</string>
				<string>4D4158D98BBBAD5480593838</string>
			</array>
			<key>isa</key>
			<string>PBXGroup</string>
			<key>name</key>
			<string>Frameworks</string>
			<key>sourceTree</key>
			<string>&lt;group&gt;</string>
		</dict>
		<key>9B5CBFC0B150569ACE438B69</key>
		<dict>
			<key>includeInIndex</key>
			<string>1</string>
			<key>isa</key>
			<string>PBXFileReference</string>
			<key>lastKnownFileType</key>
			<string>text.xcconfig</string>
			<key>name</key>
			<string>Pods-RSSReader.release.xcconfig</string>
			<key>path</key>
			<string>Pods/Target Support Files/Pods-RSSReader/Pods-RSSReader.release.xcconfig</string>
			<key>sourceTree</key>
			<string>&lt;group&gt;</string>
		</dict>
		<key>B056E970F8757E74C61B2238</key>
		<dict>
			<key>buildActionMask</key>
			<string>2147483647</string>
			<key>files</key>
			<array/>
			<key>inputPaths</key>
			<array/>
			<key>isa</key>
			<string>PBXShellScriptBuildPhase</string>
			<key>name</key>
			<string>Copy Pods Resources</string>
			<key>outputPaths</key>
			<array/>
			<key>runOnlyForDeploymentPostprocessing</key>
			<string>0</string>
			<key>shellPath</key>
			<string>/bin/sh</string>
			<key>shellScript</key>
			<string>"${SRCROOT}/Pods/Target Support Files/Pods-RSSReaderTests/Pods-RSSReaderTests-resources.sh"
</string>
			<key>showEnvVarsInLog</key>
			<string>0</string>
		</dict>
		<key>C010BB121B29324E009BCA13</key>
		<dict>
			<key>children</key>
			<array>
				<string>C0997C7A1B1F291D00F32FA0</string>
				<string>C0997C981B1F2A4B00F32FA0</string>
			</array>
			<key>isa</key>
			<string>PBXGroup</string>
			<key>path</key>
			<string>Feed</string>
			<key>sourceTree</key>
			<string>&lt;group&gt;</string>
		</dict>
		<key>C010BB131B293261009BCA13</key>
		<dict>
			<key>children</key>
			<array>
				<string>C010BB141B29327E009BCA13</string>
				<string>C010BB161B293290009BCA13</string>
				<string>C010BB181B2932B1009BCA13</string>
				<string>C010BB1A1B2932C1009BCA13</string>
				<string>C010BB1C1B29341B009BCA13</string>
			</array>
			<key>isa</key>
			<string>PBXGroup</string>
			<key>path</key>
			<string>Viewer</string>
			<key>sourceTree</key>
			<string>&lt;group&gt;</string>
		</dict>
		<key>C010BB141B29327E009BCA13</key>
		<dict>
			<key>fileEncoding</key>
			<string>4</string>
			<key>isa</key>
			<string>PBXFileReference</string>
			<key>lastKnownFileType</key>
			<string>sourcecode.swift</string>
			<key>path</key>
			<string>MainMenuViewController.swift</string>
			<key>sourceTree</key>
			<string>&lt;group&gt;</string>
		</dict>
		<key>C010BB151B29327E009BCA13</key>
		<dict>
			<key>fileRef</key>
			<string>C010BB141B29327E009BCA13</string>
			<key>isa</key>
			<string>PBXBuildFile</string>
		</dict>
		<key>C010BB161B293290009BCA13</key>
		<dict>
			<key>fileEncoding</key>
			<string>4</string>
			<key>isa</key>
			<string>PBXFileReference</string>
			<key>lastKnownFileType</key>
			<string>sourcecode.swift</string>
			<key>path</key>
			<string>StockListViewController.swift</string>
			<key>sourceTree</key>
			<string>&lt;group&gt;</string>
		</dict>
		<key>C010BB171B293290009BCA13</key>
		<dict>
			<key>fileRef</key>
			<string>C010BB161B293290009BCA13</string>
			<key>isa</key>
			<string>PBXBuildFile</string>
		</dict>
		<key>C010BB181B2932B1009BCA13</key>
		<dict>
			<key>fileEncoding</key>
			<string>4</string>
			<key>isa</key>
			<string>PBXFileReference</string>
			<key>lastKnownFileType</key>
			<string>sourcecode.swift</string>
			<key>path</key>
			<string>TagListViewController.swift</string>
			<key>sourceTree</key>
			<string>&lt;group&gt;</string>
		</dict>
		<key>C010BB191B2932B1009BCA13</key>
		<dict>
			<key>fileRef</key>
			<string>C010BB181B2932B1009BCA13</string>
			<key>isa</key>
			<string>PBXBuildFile</string>
		</dict>
		<key>C010BB1A1B2932C1009BCA13</key>
		<dict>
			<key>fileEncoding</key>
			<string>4</string>
			<key>isa</key>
			<string>PBXFileReference</string>
			<key>lastKnownFileType</key>
			<string>sourcecode.swift</string>
			<key>path</key>
			<string>ArticleDetailViewController.swift</string>
			<key>sourceTree</key>
			<string>&lt;group&gt;</string>
		</dict>
		<key>C010BB1B1B2932C1009BCA13</key>
		<dict>
			<key>fileRef</key>
			<string>C010BB1A1B2932C1009BCA13</string>
			<key>isa</key>
			<string>PBXBuildFile</string>
		</dict>
		<key>C010BB1C1B29341B009BCA13</key>
		<dict>
			<key>fileEncoding</key>
			<string>4</string>
			<key>isa</key>
			<string>PBXFileReference</string>
			<key>lastKnownFileType</key>
			<string>sourcecode.swift</string>
			<key>path</key>
			<string>ArticleListViewController.swift</string>
			<key>sourceTree</key>
			<string>&lt;group&gt;</string>
		</dict>
		<key>C010BB1D1B29341B009BCA13</key>
		<dict>
			<key>fileRef</key>
			<string>C010BB1C1B29341B009BCA13</string>
			<key>isa</key>
			<string>PBXBuildFile</string>
		</dict>
		<key>C010BB1E1B2939AA009BCA13</key>
		<dict>
			<key>children</key>
			<array>
				<string>C0997C7C1B1F291D00F32FA0</string>
				<string>C010BB201B293CE8009BCA13</string>
				<string>C010BB221B29409F009BCA13</string>
				<string>C010BB241B294112009BCA13</string>
			</array>
			<key>isa</key>
			<string>PBXGroup</string>
			<key>path</key>
			<string>StoryBoard</string>
			<key>sourceTree</key>
			<string>&lt;group&gt;</string>
		</dict>
		<key>C010BB1F1B2939B3009BCA13</key>
		<dict>
			<key>children</key>
			<array>
				<string>C0997C9E1B1FF8DA00F32FA0</string>
				<string>C075DDF21B26BB9D00AF2611</string>
				<string>C010BB341B2973BB009BCA13</string>
				<string>C03DC5F81B297A2A009763FF</string>
			</array>
			<key>isa</key>
			<string>PBXGroup</string>
			<key>path</key>
			<string>Parts</string>
			<key>sourceTree</key>
			<string>&lt;group&gt;</string>
		</dict>
		<key>C010BB201B293CE8009BCA13</key>
		<dict>
			<key>fileEncoding</key>
			<string>4</string>
			<key>isa</key>
			<string>PBXFileReference</string>
			<key>lastKnownFileType</key>
			<string>file.storyboard</string>
			<key>path</key>
			<string>ArticleList.storyboard</string>
			<key>sourceTree</key>
			<string>&lt;group&gt;</string>
		</dict>
		<key>C010BB211B293CE8009BCA13</key>
		<dict>
			<key>fileRef</key>
			<string>C010BB201B293CE8009BCA13</string>
			<key>isa</key>
			<string>PBXBuildFile</string>
		</dict>
		<key>C010BB221B29409F009BCA13</key>
		<dict>
			<key>fileEncoding</key>
			<string>4</string>
			<key>isa</key>
			<string>PBXFileReference</string>
			<key>lastKnownFileType</key>
			<string>file.storyboard</string>
			<key>path</key>
			<string>StockList.storyboard</string>
			<key>sourceTree</key>
			<string>&lt;group&gt;</string>
		</dict>
		<key>C010BB231B29409F009BCA13</key>
		<dict>
			<key>fileRef</key>
			<string>C010BB221B29409F009BCA13</string>
			<key>isa</key>
			<string>PBXBuildFile</string>
		</dict>
		<key>C010BB241B294112009BCA13</key>
		<dict>
			<key>fileEncoding</key>
			<string>4</string>
			<key>isa</key>
			<string>PBXFileReference</string>
			<key>lastKnownFileType</key>
			<string>file.storyboard</string>
			<key>path</key>
			<string>TagList.storyboard</string>
			<key>sourceTree</key>
			<string>&lt;group&gt;</string>
		</dict>
		<key>C010BB251B294112009BCA13</key>
		<dict>
			<key>fileRef</key>
			<string>C010BB241B294112009BCA13</string>
			<key>isa</key>
			<string>PBXBuildFile</string>
		</dict>
		<key>C010BB261B2947AE009BCA13</key>
		<dict>
			<key>fileEncoding</key>
			<string>4</string>
			<key>isa</key>
			<string>PBXFileReference</string>
			<key>lastKnownFileType</key>
			<string>sourcecode.swift</string>
			<key>path</key>
			<string>QiitaApiClient.swift</string>
			<key>sourceTree</key>
			<string>&lt;group&gt;</string>
		</dict>
		<key>C010BB271B2947AE009BCA13</key>
		<dict>
			<key>fileRef</key>
			<string>C010BB261B2947AE009BCA13</string>
			<key>isa</key>
			<string>PBXBuildFile</string>
		</dict>
		<key>C010BB281B294809009BCA13</key>
		<dict>
			<key>children</key>
			<array>
				<string>C075DDFD1B26EEEE00AF2611</string>
				<string>C075DE081B27DAE400AF2611</string>
			</array>
			<key>isa</key>
			<string>PBXGroup</string>
			<key>path</key>
			<string>Feed</string>
			<key>sourceTree</key>
			<string>&lt;group&gt;</string>
		</dict>
		<key>C010BB291B29481C009BCA13</key>
		<dict>
			<key>children</key>
			<array>
				<string>C010BB261B2947AE009BCA13</string>
				<string>C010BB2A1B29483D009BCA13</string>
			</array>
			<key>isa</key>
			<string>PBXGroup</string>
			<key>path</key>
			<string>Api</string>
			<key>sourceTree</key>
			<string>&lt;group&gt;</string>
		</dict>
		<key>C010BB2A1B29483D009BCA13</key>
		<dict>
			<key>fileEncoding</key>
			<string>4</string>
			<key>isa</key>
			<string>PBXFileReference</string>
			<key>lastKnownFileType</key>
			<string>sourcecode.swift</string>
			<key>path</key>
			<string>ArticlesRequest.swift</string>
			<key>sourceTree</key>
			<string>&lt;group&gt;</string>
		</dict>
		<key>C010BB2B1B29483D009BCA13</key>
		<dict>
			<key>fileRef</key>
			<string>C010BB2A1B29483D009BCA13</string>
			<key>isa</key>
			<string>PBXBuildFile</string>
		</dict>
		<key>C010BB2C1B29494F009BCA13</key>
		<dict>
			<key>fileEncoding</key>
			<string>4</string>
			<key>isa</key>
			<string>PBXFileReference</string>
			<key>lastKnownFileType</key>
			<string>sourcecode.swift</string>
			<key>path</key>
			<string>ArticleModel.swift</string>
			<key>sourceTree</key>
			<string>&lt;group&gt;</string>
		</dict>
		<key>C010BB2D1B29494F009BCA13</key>
		<dict>
			<key>fileRef</key>
			<string>C010BB2C1B29494F009BCA13</string>
			<key>isa</key>
			<string>PBXBuildFile</string>
		</dict>
		<key>C010BB2E1B295EE6009BCA13</key>
		<dict>
			<key>fileEncoding</key>
			<string>4</string>
			<key>isa</key>
			<string>PBXFileReference</string>
			<key>lastKnownFileType</key>
			<string>sourcecode.swift</string>
			<key>path</key>
			<string>UserEntity.swift</string>
			<key>sourceTree</key>
			<string>&lt;group&gt;</string>
		</dict>
		<key>C010BB2F1B295EE6009BCA13</key>
		<dict>
			<key>fileRef</key>
			<string>C010BB2E1B295EE6009BCA13</string>
			<key>isa</key>
			<string>PBXBuildFile</string>
		</dict>
		<key>C010BB301B296079009BCA13</key>
		<dict>
			<key>fileEncoding</key>
			<string>4</string>
			<key>isa</key>
			<string>PBXFileReference</string>
			<key>lastKnownFileType</key>
			<string>sourcecode.swift</string>
			<key>path</key>
			<string>TagEntity.swift</string>
			<key>sourceTree</key>
			<string>&lt;group&gt;</string>
		</dict>
		<key>C010BB311B296079009BCA13</key>
		<dict>
			<key>fileRef</key>
			<string>C010BB301B296079009BCA13</string>
			<key>isa</key>
			<string>PBXBuildFile</string>
		</dict>
		<key>C010BB321B296136009BCA13</key>
		<dict>
			<key>fileEncoding</key>
			<string>4</string>
			<key>isa</key>
			<string>PBXFileReference</string>
			<key>lastKnownFileType</key>
			<string>sourcecode.swift</string>
			<key>path</key>
			<string>ArticleEntity.swift</string>
			<key>sourceTree</key>
			<string>&lt;group&gt;</string>
		</dict>
		<key>C010BB331B296136009BCA13</key>
		<dict>
			<key>fileRef</key>
			<string>C010BB321B296136009BCA13</string>
			<key>isa</key>
			<string>PBXBuildFile</string>
		</dict>
		<key>C010BB341B2973BB009BCA13</key>
		<dict>
			<key>fileEncoding</key>
			<string>4</string>
			<key>isa</key>
			<string>PBXFileReference</string>
			<key>lastKnownFileType</key>
			<string>sourcecode.swift</string>
			<key>path</key>
			<string>ArticleTableViewCell.swift</string>
			<key>sourceTree</key>
			<string>&lt;group&gt;</string>
		</dict>
		<key>C010BB351B2973BB009BCA13</key>
		<dict>
			<key>fileRef</key>
			<string>C010BB341B2973BB009BCA13</string>
			<key>isa</key>
			<string>PBXBuildFile</string>
		</dict>
		<key>C03DC5F81B297A2A009763FF</key>
		<dict>
			<key>fileEncoding</key>
			<string>4</string>
			<key>isa</key>
			<string>PBXFileReference</string>
			<key>lastKnownFileType</key>
			<string>file.xib</string>
			<key>path</key>
			<string>ArticleTableViewCell.xib</string>
			<key>sourceTree</key>
			<string>&lt;group&gt;</string>
		</dict>
		<key>C03DC5F91B297A2A009763FF</key>
		<dict>
			<key>fileRef</key>
			<string>C03DC5F81B297A2A009763FF</string>
			<key>isa</key>
			<string>PBXBuildFile</string>
		</dict>
		<key>C075DDF21B26BB9D00AF2611</key>
		<dict>
			<key>fileEncoding</key>
			<string>4</string>
			<key>isa</key>
			<string>PBXFileReference</string>
			<key>lastKnownFileType</key>
			<string>file.xib</string>
			<key>path</key>
			<string>CustomTableViewCell.xib</string>
			<key>sourceTree</key>
			<string>&lt;group&gt;</string>
		</dict>
		<key>C075DDF31B26BB9D00AF2611</key>
		<dict>
			<key>fileRef</key>
			<string>C075DDF21B26BB9D00AF2611</string>
			<key>isa</key>
			<string>PBXBuildFile</string>
		</dict>
		<key>C075DDF41B26CEC600AF2611</key>
		<dict>
			<key>children</key>
			<array>
				<string>C010BB131B293261009BCA13</string>
				<string>C010BB121B29324E009BCA13</string>
			</array>
			<key>isa</key>
			<string>PBXGroup</string>
			<key>path</key>
			<string>ViewController</string>
			<key>sourceTree</key>
			<string>&lt;group&gt;</string>
		</dict>
		<key>C075DDF51B26E9FB00AF2611</key>
		<dict>
			<key>children</key>
			<array>
				<string>C075DE051B27D5FD00AF2611</string>
				<string>C075DE041B26F57200AF2611</string>
				<string>C075DE031B26F56300AF2611</string>
				<string>C075DDF41B26CEC600AF2611</string>
				<string>C096B8D41B23491600CE8E80</string>
			</array>
			<key>isa</key>
			<string>PBXGroup</string>
			<key>path</key>
			<string>App</string>
			<key>sourceTree</key>
			<string>&lt;group&gt;</string>
		</dict>
		<key>C075DDF61B26EA0800AF2611</key>
		<dict>
			<key>children</key>
			<array>
				<string>C075DE0A1B27DB0F00AF2611</string>
				<string>C075DE0B1B27DBBB00AF2611</string>
				<string>C075DE0D1B27DBC600AF2611</string>
			</array>
			<key>isa</key>
			<string>PBXGroup</string>
			<key>path</key>
			<string>Common</string>
			<key>sourceTree</key>
			<string>&lt;group&gt;</string>
		</dict>
		<key>C075DDF71B26EA3900AF2611</key>
		<dict>
			<key>fileEncoding</key>
			<string>4</string>
			<key>isa</key>
			<string>PBXFileReference</string>
			<key>lastKnownFileType</key>
			<string>sourcecode.swift</string>
			<key>path</key>
			<string>BaseClient.swift</string>
			<key>sourceTree</key>
			<string>&lt;group&gt;</string>
		</dict>
		<key>C075DDF81B26EA3900AF2611</key>
		<dict>
			<key>fileRef</key>
			<string>C075DDF71B26EA3900AF2611</string>
			<key>isa</key>
			<string>PBXBuildFile</string>
		</dict>
		<key>C075DDF91B26EA4400AF2611</key>
		<dict>
			<key>fileEncoding</key>
			<string>4</string>
			<key>isa</key>
			<string>PBXFileReference</string>
			<key>lastKnownFileType</key>
			<string>sourcecode.swift</string>
			<key>path</key>
			<string>BaseRequest.swift</string>
			<key>sourceTree</key>
			<string>&lt;group&gt;</string>
		</dict>
		<key>C075DDFA1B26EA4400AF2611</key>
		<dict>
			<key>fileRef</key>
			<string>C075DDF91B26EA4400AF2611</string>
			<key>isa</key>
			<string>PBXBuildFile</string>
		</dict>
		<key>C075DDFB1B26EA5100AF2611</key>
		<dict>
			<key>fileEncoding</key>
			<string>4</string>
			<key>isa</key>
			<string>PBXFileReference</string>
			<key>lastKnownFileType</key>
			<string>sourcecode.swift</string>
			<key>path</key>
			<string>BaseResponse.swift</string>
			<key>sourceTree</key>
			<string>&lt;group&gt;</string>
		</dict>
		<key>C075DDFC1B26EA5100AF2611</key>
		<dict>
			<key>fileRef</key>
			<string>C075DDFB1B26EA5100AF2611</string>
			<key>isa</key>
			<string>PBXBuildFile</string>
		</dict>
		<key>C075DDFD1B26EEEE00AF2611</key>
		<dict>
			<key>fileEncoding</key>
			<string>4</string>
			<key>isa</key>
			<string>PBXFileReference</string>
			<key>lastKnownFileType</key>
			<string>sourcecode.swift</string>
			<key>path</key>
			<string>QiitaClient.swift</string>
			<key>sourceTree</key>
			<string>&lt;group&gt;</string>
		</dict>
		<key>C075DDFE1B26EEEE00AF2611</key>
		<dict>
			<key>fileRef</key>
			<string>C075DDFD1B26EEEE00AF2611</string>
			<key>isa</key>
			<string>PBXBuildFile</string>
		</dict>
		<key>C075DDFF1B26F34E00AF2611</key>
		<dict>
			<key>fileEncoding</key>
			<string>4</string>
			<key>isa</key>
			<string>PBXFileReference</string>
			<key>lastKnownFileType</key>
			<string>sourcecode.swift</string>
			<key>path</key>
			<string>XmlParseDelegate.swift</string>
			<key>sourceTree</key>
			<string>&lt;group&gt;</string>
		</dict>
		<key>C075DE001B26F34E00AF2611</key>
		<dict>
			<key>fileRef</key>
			<string>C075DDFF1B26F34E00AF2611</string>
			<key>isa</key>
			<string>PBXBuildFile</string>
		</dict>
		<key>C075DE011B26F46400AF2611</key>
		<dict>
			<key>fileEncoding</key>
			<string>4</string>
			<key>isa</key>
			<string>PBXFileReference</string>
			<key>lastKnownFileType</key>
			<string>sourcecode.swift</string>
			<key>path</key>
			<string>Article.swift</string>
			<key>sourceTree</key>
			<string>&lt;group&gt;</string>
		</dict>
		<key>C075DE021B26F46400AF2611</key>
		<dict>
			<key>fileRef</key>
			<string>C075DE011B26F46400AF2611</string>
			<key>isa</key>
			<string>PBXBuildFile</string>
		</dict>
		<key>C075DE031B26F56300AF2611</key>
		<dict>
			<key>children</key>
			<array>
				<string>C075DE011B26F46400AF2611</string>
				<string>C010BB2E1B295EE6009BCA13</string>
				<string>C010BB301B296079009BCA13</string>
				<string>C010BB321B296136009BCA13</string>
			</array>
			<key>isa</key>
			<string>PBXGroup</string>
			<key>path</key>
			<string>Entity</string>
			<key>sourceTree</key>
			<string>&lt;group&gt;</string>
		</dict>
		<key>C075DE041B26F57200AF2611</key>
		<dict>
			<key>children</key>
			<array>
				<string>C010BB291B29481C009BCA13</string>
				<string>C010BB281B294809009BCA13</string>
			</array>
			<key>isa</key>
			<string>PBXGroup</string>
			<key>path</key>
			<string>Infrastructure</string>
			<key>sourceTree</key>
			<string>&lt;group&gt;</string>
		</dict>
		<key>C075DE051B27D5FD00AF2611</key>
		<dict>
			<key>children</key>
			<array>
				<string>C075DDFF1B26F34E00AF2611</string>
				<string>C075DE061B27D60F00AF2611</string>
				<string>C010BB2C1B29494F009BCA13</string>
			</array>
			<key>isa</key>
			<string>PBXGroup</string>
			<key>path</key>
			<string>Model</string>
			<key>sourceTree</key>
			<string>&lt;group&gt;</string>
		</dict>
		<key>C075DE061B27D60F00AF2611</key>
		<dict>
			<key>fileEncoding</key>
			<string>4</string>
			<key>isa</key>
			<string>PBXFileReference</string>
			<key>lastKnownFileType</key>
			<string>sourcecode.swift</string>
			<key>path</key>
			<string>FeedModel.swift</string>
			<key>sourceTree</key>
			<string>&lt;group&gt;</string>
		</dict>
		<key>C075DE071B27D60F00AF2611</key>
		<dict>
			<key>fileRef</key>
			<string>C075DE061B27D60F00AF2611</string>
			<key>isa</key>
			<string>PBXBuildFile</string>
		</dict>
		<key>C075DE081B27DAE400AF2611</key>
		<dict>
			<key>fileEncoding</key>
			<string>4</string>
			<key>isa</key>
			<string>PBXFileReference</string>
			<key>lastKnownFileType</key>
			<string>sourcecode.swift</string>
			<key>path</key>
			<string>FeedRequest.swift</string>
			<key>sourceTree</key>
			<string>&lt;group&gt;</string>
		</dict>
		<key>C075DE091B27DAE400AF2611</key>
		<dict>
			<key>fileRef</key>
			<string>C075DE081B27DAE400AF2611</string>
			<key>isa</key>
			<string>PBXBuildFile</string>
		</dict>
		<key>C075DE0A1B27DB0F00AF2611</key>
		<dict>
			<key>children</key>
			<array>
				<string>C075DDF71B26EA3900AF2611</string>
				<string>C075DDF91B26EA4400AF2611</string>
				<string>C075DDFB1B26EA5100AF2611</string>
			</array>
			<key>isa</key>
			<string>PBXGroup</string>
			<key>path</key>
			<string>Inflastructure</string>
			<key>sourceTree</key>
			<string>&lt;group&gt;</string>
		</dict>
		<key>C075DE0B1B27DBBB00AF2611</key>
		<dict>
			<key>fileEncoding</key>
			<string>4</string>
			<key>isa</key>
			<string>PBXFileReference</string>
			<key>lastKnownFileType</key>
			<string>sourcecode.swift</string>
			<key>path</key>
			<string>BaseModel.swift</string>
			<key>sourceTree</key>
			<string>&lt;group&gt;</string>
		</dict>
		<key>C075DE0C1B27DBBB00AF2611</key>
		<dict>
			<key>fileRef</key>
			<string>C075DE0B1B27DBBB00AF2611</string>
			<key>isa</key>
			<string>PBXBuildFile</string>
		</dict>
		<key>C075DE0D1B27DBC600AF2611</key>
		<dict>
			<key>fileEncoding</key>
			<string>4</string>
			<key>isa</key>
			<string>PBXFileReference</string>
			<key>lastKnownFileType</key>
			<string>sourcecode.swift</string>
			<key>path</key>
			<string>BaseViewController.swift</string>
			<key>sourceTree</key>
			<string>&lt;group&gt;</string>
		</dict>
		<key>C075DE0E1B27DBC600AF2611</key>
		<dict>
			<key>fileRef</key>
			<string>C075DE0D1B27DBC600AF2611</string>
			<key>isa</key>
			<string>PBXBuildFile</string>
		</dict>
		<key>C096B8D31B2348FC00CE8E80</key>
		<dict>
			<key>children</key>
			<array>
				<string>C0997CA41B21740800F32FA0</string>
			</array>
			<key>isa</key>
			<string>PBXGroup</string>
			<key>path</key>
			<string>Library</string>
			<key>sourceTree</key>
			<string>&lt;group&gt;</string>
		</dict>
		<key>C096B8D41B23491600CE8E80</key>
		<dict>
			<key>children</key>
			<array>
				<string>C010BB1F1B2939B3009BCA13</string>
				<string>C010BB1E1B2939AA009BCA13</string>
			</array>
			<key>isa</key>
			<string>PBXGroup</string>
			<key>path</key>
			<string>UI</string>
			<key>sourceTree</key>
			<string>&lt;group&gt;</string>
		</dict>
		<key>C0997C671B1F291D00F32FA0</key>
		<dict>
			<key>children</key>
			<array>
				<string>C0997C721B1F291D00F32FA0</string>
				<string>C0997C8B1B1F291D00F32FA0</string>
				<string>C0997C711B1F291D00F32FA0</string>
				<string>159A7893F2C4A71335EEA0DB</string>
				<string>97C06AA75501CE3675984001</string>
			</array>
			<key>isa</key>
			<string>PBXGroup</string>
			<key>sourceTree</key>
			<string>&lt;group&gt;</string>
		</dict>
		<key>C0997C681B1F291D00F32FA0</key>
		<dict>
			<key>attributes</key>
			<dict>
				<key>LastUpgradeCheck</key>
				<string>0630</string>
				<key>ORGANIZATIONNAME</key>
				<string>&#33618;&#20117;&#12288;&#21644;&#24179;</string>
				<key>TargetAttributes</key>
				<dict>
					<key>C0997C6F1B1F291D00F32FA0</key>
					<dict>
						<key>CreatedOnToolsVersion</key>
						<string>6.3.1</string>
					</dict>
					<key>C0997C871B1F291D00F32FA0</key>
					<dict>
						<key>CreatedOnToolsVersion</key>
						<string>6.3.1</string>
						<key>TestTargetID</key>
						<string>C0997C6F1B1F291D00F32FA0</string>
					</dict>
				</dict>
			</dict>
			<key>buildConfigurationList</key>
			<string>C0997C6B1B1F291D00F32FA0</string>
			<key>compatibilityVersion</key>
			<string>Xcode 3.2</string>
			<key>developmentRegion</key>
			<string>English</string>
			<key>hasScannedForEncodings</key>
			<string>0</string>
			<key>isa</key>
			<string>PBXProject</string>
			<key>knownRegions</key>
			<array>
				<string>en</string>
				<string>Base</string>
			</array>
			<key>mainGroup</key>
			<string>C0997C671B1F291D00F32FA0</string>
			<key>productRefGroup</key>
			<string>C0997C711B1F291D00F32FA0</string>
			<key>projectDirPath</key>
			<string></string>
			<key>projectReferences</key>
			<array/>
			<key>projectRoot</key>
			<string></string>
			<key>targets</key>
			<array>
				<string>C0997C6F1B1F291D00F32FA0</string>
				<string>C0997C871B1F291D00F32FA0</string>
			</array>
		</dict>
		<key>C0997C6B1B1F291D00F32FA0</key>
		<dict>
			<key>buildConfigurations</key>
			<array>
				<string>C0997C901B1F291D00F32FA0</string>
				<string>C0997C911B1F291D00F32FA0</string>
			</array>
			<key>defaultConfigurationIsVisible</key>
			<string>0</string>
			<key>defaultConfigurationName</key>
			<string>Release</string>
			<key>isa</key>
			<string>XCConfigurationList</string>
		</dict>
		<key>C0997C6C1B1F291D00F32FA0</key>
		<dict>
			<key>buildActionMask</key>
			<string>2147483647</string>
			<key>files</key>
			<array>
				<string>C010BB271B2947AE009BCA13</string>
				<string>C010BB191B2932B1009BCA13</string>
				<string>C075DDFC1B26EA5100AF2611</string>
				<string>C010BB2F1B295EE6009BCA13</string>
				<string>C075DE091B27DAE400AF2611</string>
				<string>C075DDFA1B26EA4400AF2611</string>
				<string>C010BB171B293290009BCA13</string>
				<string>C075DE001B26F34E00AF2611</string>
				<string>C010BB1D1B29341B009BCA13</string>
				<string>C0997C7B1B1F291D00F32FA0</string>
				<string>C0997C9F1B1FF8DA00F32FA0</string>
				<string>C010BB2D1B29494F009BCA13</string>
				<string>C010BB351B2973BB009BCA13</string>
				<string>C010BB311B296079009BCA13</string>
				<string>C010BB2B1B29483D009BCA13</string>
				<string>C075DDF81B26EA3900AF2611</string>
				<string>C0997CA51B21740800F32FA0</string>
				<string>C0997C761B1F291D00F32FA0</string>
				<string>C075DE0C1B27DBBB00AF2611</string>
				<string>C075DE071B27D60F00AF2611</string>
				<string>C010BB331B296136009BCA13</string>
				<string>C010BB151B29327E009BCA13</string>
				<string>C010BB1B1B2932C1009BCA13</string>
				<string>C075DE021B26F46400AF2611</string>
				<string>C0997C791B1F291D00F32FA0</string>
				<string>C075DE0E1B27DBC600AF2611</string>
				<string>C0997C991B1F2A4B00F32FA0</string>
				<string>C075DDFE1B26EEEE00AF2611</string>
			</array>
			<key>isa</key>
			<string>PBXSourcesBuildPhase</string>
			<key>runOnlyForDeploymentPostprocessing</key>
			<string>0</string>
		</dict>
		<key>C0997C6D1B1F291D00F32FA0</key>
		<dict>
			<key>buildActionMask</key>
			<string>2147483647</string>
			<key>files</key>
			<array>
				<string>5EA4487C3945CA9CCCF94A2C</string>
			</array>
			<key>isa</key>
			<string>PBXFrameworksBuildPhase</string>
			<key>runOnlyForDeploymentPostprocessing</key>
			<string>0</string>
		</dict>
		<key>C0997C6E1B1F291D00F32FA0</key>
		<dict>
			<key>buildActionMask</key>
			<string>2147483647</string>
			<key>files</key>
			<array>
				<string>C0997C7E1B1F291D00F32FA0</string>
				<string>C03DC5F91B297A2A009763FF</string>
				<string>C010BB251B294112009BCA13</string>
				<string>C010BB231B29409F009BCA13</string>
				<string>C010BB211B293CE8009BCA13</string>
				<string>C0997CA11B2040DC00F32FA0</string>
				<string>C0997C831B1F291D00F32FA0</string>
				<string>C075DDF31B26BB9D00AF2611</string>
				<string>C0997C801B1F291D00F32FA0</string>
			</array>
			<key>isa</key>
			<string>PBXResourcesBuildPhase</string>
			<key>runOnlyForDeploymentPostprocessing</key>
			<string>0</string>
		</dict>
		<key>C0997C6F1B1F291D00F32FA0</key>
		<dict>
			<key>buildConfigurationList</key>
			<string>C0997C921B1F291D00F32FA0</string>
			<key>buildPhases</key>
			<array>
				<string>E80B88648A79CAC2E93F1B0D</string>
				<string>C0997C6C1B1F291D00F32FA0</string>
				<string>C0997C6D1B1F291D00F32FA0</string>
				<string>C0997C6E1B1F291D00F32FA0</string>
				<string>2F509A231A9FA7ED0D87347B</string>
				<string>E52728F50E6C0493E1D18B96</string>
			</array>
			<key>buildRules</key>
			<array/>
			<key>dependencies</key>
			<array/>
			<key>isa</key>
			<string>PBXNativeTarget</string>
			<key>name</key>
			<string>RSSReader</string>
			<key>productName</key>
			<string>RSSReader</string>
			<key>productReference</key>
			<string>C0997C701B1F291D00F32FA0</string>
			<key>productType</key>
			<string>com.apple.product-type.application</string>
		</dict>
		<key>C0997C701B1F291D00F32FA0</key>
		<dict>
			<key>explicitFileType</key>
			<string>wrapper.application</string>
			<key>includeInIndex</key>
			<string>0</string>
			<key>isa</key>
			<string>PBXFileReference</string>
			<key>path</key>
			<string>RSSReader.app</string>
			<key>sourceTree</key>
			<string>BUILT_PRODUCTS_DIR</string>
		</dict>
		<key>C0997C711B1F291D00F32FA0</key>
		<dict>
			<key>children</key>
			<array>
				<string>C0997C701B1F291D00F32FA0</string>
				<string>C0997C881B1F291D00F32FA0</string>
			</array>
			<key>isa</key>
			<string>PBXGroup</string>
			<key>name</key>
			<string>Products</string>
			<key>sourceTree</key>
			<string>&lt;group&gt;</string>
		</dict>
		<key>C0997C721B1F291D00F32FA0</key>
		<dict>
			<key>children</key>
			<array>
				<string>C075DDF61B26EA0800AF2611</string>
				<string>C075DDF51B26E9FB00AF2611</string>
				<string>C096B8D31B2348FC00CE8E80</string>
				<string>C0997CA01B2040DC00F32FA0</string>
				<string>C0997C751B1F291D00F32FA0</string>
				<string>C0997C7F1B1F291D00F32FA0</string>
				<string>C0997C811B1F291D00F32FA0</string>
				<string>C0997C771B1F291D00F32FA0</string>
				<string>C0997C731B1F291D00F32FA0</string>
			</array>
			<key>isa</key>
			<string>PBXGroup</string>
			<key>path</key>
			<string>RSSReader</string>
			<key>sourceTree</key>
			<string>&lt;group&gt;</string>
		</dict>
		<key>C0997C731B1F291D00F32FA0</key>
		<dict>
			<key>children</key>
			<array>
				<string>C0997C741B1F291D00F32FA0</string>
			</array>
			<key>isa</key>
			<string>PBXGroup</string>
			<key>path</key>
			<string>Supporting Files</string>
			<key>sourceTree</key>
			<string>&lt;group&gt;</string>
		</dict>
		<key>C0997C741B1F291D00F32FA0</key>
		<dict>
			<key>isa</key>
			<string>PBXFileReference</string>
			<key>lastKnownFileType</key>
			<string>text.plist.xml</string>
			<key>path</key>
			<string>Info.plist</string>
			<key>sourceTree</key>
			<string>&lt;group&gt;</string>
		</dict>
		<key>C0997C751B1F291D00F32FA0</key>
		<dict>
			<key>isa</key>
			<string>PBXFileReference</string>
			<key>lastKnownFileType</key>
			<string>sourcecode.swift</string>
			<key>path</key>
			<string>AppDelegate.swift</string>
			<key>sourceTree</key>
			<string>&lt;group&gt;</string>
		</dict>
		<key>C0997C761B1F291D00F32FA0</key>
		<dict>
			<key>fileRef</key>
			<string>C0997C751B1F291D00F32FA0</string>
			<key>isa</key>
			<string>PBXBuildFile</string>
		</dict>
		<key>C0997C771B1F291D00F32FA0</key>
		<dict>
			<key>children</key>
			<array>
				<string>C0997C781B1F291D00F32FA0</string>
			</array>
			<key>currentVersion</key>
			<string>C0997C781B1F291D00F32FA0</string>
			<key>isa</key>
			<string>XCVersionGroup</string>
			<key>path</key>
			<string>RSSReader.xcdatamodeld</string>
			<key>sourceTree</key>
			<string>&lt;group&gt;</string>
			<key>versionGroupType</key>
			<string>wrapper.xcdatamodel</string>
		</dict>
		<key>C0997C781B1F291D00F32FA0</key>
		<dict>
			<key>isa</key>
			<string>PBXFileReference</string>
			<key>lastKnownFileType</key>
			<string>wrapper.xcdatamodel</string>
			<key>path</key>
			<string>RSSReader.xcdatamodel</string>
			<key>sourceTree</key>
			<string>&lt;group&gt;</string>
		</dict>
		<key>C0997C791B1F291D00F32FA0</key>
		<dict>
			<key>fileRef</key>
			<string>C0997C771B1F291D00F32FA0</string>
			<key>isa</key>
			<string>PBXBuildFile</string>
		</dict>
		<key>C0997C7A1B1F291D00F32FA0</key>
		<dict>
			<key>isa</key>
			<string>PBXFileReference</string>
			<key>lastKnownFileType</key>
			<string>sourcecode.swift</string>
			<key>path</key>
			<string>ViewController.swift</string>
			<key>sourceTree</key>
			<string>&lt;group&gt;</string>
		</dict>
		<key>C0997C7B1B1F291D00F32FA0</key>
		<dict>
			<key>fileRef</key>
			<string>C0997C7A1B1F291D00F32FA0</string>
			<key>isa</key>
			<string>PBXBuildFile</string>
		</dict>
		<key>C0997C7C1B1F291D00F32FA0</key>
		<dict>
			<key>children</key>
			<array>
				<string>C0997C7D1B1F291D00F32FA0</string>
			</array>
			<key>isa</key>
			<string>PBXVariantGroup</string>
			<key>name</key>
			<string>Main.storyboard</string>
			<key>path</key>
			<string>.</string>
			<key>sourceTree</key>
			<string>&lt;group&gt;</string>
		</dict>
		<key>C0997C7D1B1F291D00F32FA0</key>
		<dict>
			<key>isa</key>
			<string>PBXFileReference</string>
			<key>lastKnownFileType</key>
			<string>file.storyboard</string>
			<key>name</key>
			<string>Base</string>
			<key>path</key>
			<string>Base.lproj/Main.storyboard</string>
			<key>sourceTree</key>
			<string>&lt;group&gt;</string>
		</dict>
		<key>C0997C7E1B1F291D00F32FA0</key>
		<dict>
			<key>fileRef</key>
			<string>C0997C7C1B1F291D00F32FA0</string>
			<key>isa</key>
			<string>PBXBuildFile</string>
		</dict>
		<key>C0997C7F1B1F291D00F32FA0</key>
		<dict>
			<key>isa</key>
			<string>PBXFileReference</string>
			<key>lastKnownFileType</key>
			<string>folder.assetcatalog</string>
			<key>path</key>
			<string>Images.xcassets</string>
			<key>sourceTree</key>
			<string>&lt;group&gt;</string>
		</dict>
		<key>C0997C801B1F291D00F32FA0</key>
		<dict>
			<key>fileRef</key>
			<string>C0997C7F1B1F291D00F32FA0</string>
			<key>isa</key>
			<string>PBXBuildFile</string>
		</dict>
		<key>C0997C811B1F291D00F32FA0</key>
		<dict>
			<key>children</key>
			<array>
				<string>C0997C821B1F291D00F32FA0</string>
			</array>
			<key>isa</key>
			<string>PBXVariantGroup</string>
			<key>name</key>
			<string>LaunchScreen.xib</string>
			<key>path</key>
			<string>.</string>
			<key>sourceTree</key>
			<string>&lt;group&gt;</string>
		</dict>
		<key>C0997C821B1F291D00F32FA0</key>
		<dict>
			<key>isa</key>
			<string>PBXFileReference</string>
			<key>lastKnownFileType</key>
			<string>file.xib</string>
			<key>name</key>
			<string>Base</string>
			<key>path</key>
			<string>Base.lproj/LaunchScreen.xib</string>
			<key>sourceTree</key>
			<string>&lt;group&gt;</string>
		</dict>
		<key>C0997C831B1F291D00F32FA0</key>
		<dict>
			<key>fileRef</key>
			<string>C0997C811B1F291D00F32FA0</string>
			<key>isa</key>
			<string>PBXBuildFile</string>
		</dict>
		<key>C0997C841B1F291D00F32FA0</key>
		<dict>
			<key>buildActionMask</key>
			<string>2147483647</string>
			<key>files</key>
			<array>
				<string>C0997C8F1B1F291D00F32FA0</string>
			</array>
			<key>isa</key>
			<string>PBXSourcesBuildPhase</string>
			<key>runOnlyForDeploymentPostprocessing</key>
			<string>0</string>
		</dict>
		<key>C0997C851B1F291D00F32FA0</key>
		<dict>
			<key>buildActionMask</key>
			<string>2147483647</string>
			<key>files</key>
			<array>
				<string>5AA7CC7E004DBF5B4E35A744</string>
			</array>
			<key>isa</key>
			<string>PBXFrameworksBuildPhase</string>
			<key>runOnlyForDeploymentPostprocessing</key>
			<string>0</string>
		</dict>
		<key>C0997C861B1F291D00F32FA0</key>
		<dict>
			<key>buildActionMask</key>
			<string>2147483647</string>
			<key>files</key>
			<array/>
			<key>isa</key>
			<string>PBXResourcesBuildPhase</string>
			<key>runOnlyForDeploymentPostprocessing</key>
			<string>0</string>
		</dict>
		<key>C0997C871B1F291D00F32FA0</key>
		<dict>
			<key>buildConfigurationList</key>
			<string>C0997C951B1F291D00F32FA0</string>
			<key>buildPhases</key>
			<array>
				<string>76CBC59CB556B53A180569A0</string>
				<string>C0997C841B1F291D00F32FA0</string>
				<string>C0997C851B1F291D00F32FA0</string>
				<string>C0997C861B1F291D00F32FA0</string>
				<string>2549A68E43C3B866A93D6AFA</string>
				<string>B056E970F8757E74C61B2238</string>
			</array>
			<key>buildRules</key>
			<array/>
			<key>dependencies</key>
			<array>
				<string>C0997C8A1B1F291D00F32FA0</string>
			</array>
			<key>isa</key>
			<string>PBXNativeTarget</string>
			<key>name</key>
			<string>RSSReaderTests</string>
			<key>productName</key>
			<string>RSSReaderTests</string>
			<key>productReference</key>
			<string>C0997C881B1F291D00F32FA0</string>
			<key>productType</key>
			<string>com.apple.product-type.bundle.unit-test</string>
		</dict>
		<key>C0997C881B1F291D00F32FA0</key>
		<dict>
			<key>explicitFileType</key>
			<string>wrapper.cfbundle</string>
			<key>includeInIndex</key>
			<string>0</string>
			<key>isa</key>
			<string>PBXFileReference</string>
			<key>path</key>
			<string>RSSReaderTests.xctest</string>
			<key>sourceTree</key>
			<string>BUILT_PRODUCTS_DIR</string>
		</dict>
		<key>C0997C891B1F291D00F32FA0</key>
		<dict>
			<key>containerPortal</key>
			<string>C0997C681B1F291D00F32FA0</string>
			<key>isa</key>
			<string>PBXContainerItemProxy</string>
			<key>proxyType</key>
			<string>1</string>
			<key>remoteGlobalIDString</key>
			<string>C0997C6F1B1F291D00F32FA0</string>
			<key>remoteInfo</key>
			<string>RSSReader</string>
		</dict>
		<key>C0997C8A1B1F291D00F32FA0</key>
		<dict>
			<key>isa</key>
			<string>PBXTargetDependency</string>
			<key>target</key>
			<string>C0997C6F1B1F291D00F32FA0</string>
			<key>targetProxy</key>
			<string>C0997C891B1F291D00F32FA0</string>
		</dict>
		<key>C0997C8B1B1F291D00F32FA0</key>
		<dict>
			<key>children</key>
			<array>
				<string>C0997C8E1B1F291D00F32FA0</string>
				<string>C0997C8C1B1F291D00F32FA0</string>
			</array>
			<key>isa</key>
			<string>PBXGroup</string>
			<key>path</key>
			<string>RSSReaderTests</string>
			<key>sourceTree</key>
			<string>&lt;group&gt;</string>
		</dict>
		<key>C0997C8C1B1F291D00F32FA0</key>
		<dict>
			<key>children</key>
			<array>
				<string>C0997C8D1B1F291D00F32FA0</string>
			</array>
			<key>isa</key>
			<string>PBXGroup</string>
			<key>path</key>
			<string>Supporting Files</string>
			<key>sourceTree</key>
			<string>&lt;group&gt;</string>
		</dict>
		<key>C0997C8D1B1F291D00F32FA0</key>
		<dict>
			<key>isa</key>
			<string>PBXFileReference</string>
			<key>lastKnownFileType</key>
			<string>text.plist.xml</string>
			<key>path</key>
			<string>Info.plist</string>
			<key>sourceTree</key>
			<string>&lt;group&gt;</string>
		</dict>
		<key>C0997C8E1B1F291D00F32FA0</key>
		<dict>
			<key>isa</key>
			<string>PBXFileReference</string>
			<key>lastKnownFileType</key>
			<string>sourcecode.swift</string>
			<key>path</key>
			<string>RSSReaderTests.swift</string>
			<key>sourceTree</key>
			<string>&lt;group&gt;</string>
		</dict>
		<key>C0997C8F1B1F291D00F32FA0</key>
		<dict>
			<key>fileRef</key>
			<string>C0997C8E1B1F291D00F32FA0</string>
			<key>isa</key>
			<string>PBXBuildFile</string>
		</dict>
		<key>C0997C901B1F291D00F32FA0</key>
		<dict>
			<key>buildSettings</key>
			<dict>
				<key>ALWAYS_SEARCH_USER_PATHS</key>
				<string>NO</string>
				<key>CLANG_CXX_LANGUAGE_STANDARD</key>
				<string>gnu++0x</string>
				<key>CLANG_CXX_LIBRARY</key>
				<string>libc++</string>
				<key>CLANG_ENABLE_MODULES</key>
				<string>YES</string>
				<key>CLANG_ENABLE_OBJC_ARC</key>
				<string>YES</string>
				<key>CLANG_WARN_BOOL_CONVERSION</key>
				<string>YES</string>
				<key>CLANG_WARN_CONSTANT_CONVERSION</key>
				<string>YES</string>
				<key>CLANG_WARN_DIRECT_OBJC_ISA_USAGE</key>
				<string>YES_ERROR</string>
				<key>CLANG_WARN_EMPTY_BODY</key>
				<string>YES</string>
				<key>CLANG_WARN_ENUM_CONVERSION</key>
				<string>YES</string>
				<key>CLANG_WARN_INT_CONVERSION</key>
				<string>YES</string>
				<key>CLANG_WARN_OBJC_ROOT_CLASS</key>
				<string>YES_ERROR</string>
				<key>CLANG_WARN_UNREACHABLE_CODE</key>
				<string>YES</string>
				<key>CLANG_WARN__DUPLICATE_METHOD_MATCH</key>
				<string>YES</string>
				<key>CODE_SIGN_IDENTITY[sdk=iphoneos*]</key>
				<string>iPhone Developer</string>
				<key>COPY_PHASE_STRIP</key>
				<string>NO</string>
				<key>DEBUG_INFORMATION_FORMAT</key>
				<string>dwarf-with-dsym</string>
				<key>ENABLE_STRICT_OBJC_MSGSEND</key>
				<string>YES</string>
				<key>GCC_C_LANGUAGE_STANDARD</key>
				<string>gnu99</string>
				<key>GCC_DYNAMIC_NO_PIC</key>
				<string>NO</string>
				<key>GCC_NO_COMMON_BLOCKS</key>
				<string>YES</string>
				<key>GCC_OPTIMIZATION_LEVEL</key>
				<string>0</string>
				<key>GCC_PREPROCESSOR_DEFINITIONS</key>
				<array>
					<string>DEBUG=1</string>
					<string>$(inherited)</string>
				</array>
				<key>GCC_SYMBOLS_PRIVATE_EXTERN</key>
				<string>NO</string>
				<key>GCC_WARN_64_TO_32_BIT_CONVERSION</key>
				<string>YES</string>
				<key>GCC_WARN_ABOUT_RETURN_TYPE</key>
				<string>YES_ERROR</string>
				<key>GCC_WARN_UNDECLARED_SELECTOR</key>
				<string>YES</string>
				<key>GCC_WARN_UNINITIALIZED_AUTOS</key>
				<string>YES_AGGRESSIVE</string>
				<key>GCC_WARN_UNUSED_FUNCTION</key>
				<string>YES</string>
				<key>GCC_WARN_UNUSED_VARIABLE</key>
				<string>YES</string>
				<key>IPHONEOS_DEPLOYMENT_TARGET</key>
				<string>8.3</string>
				<key>MTL_ENABLE_DEBUG_INFO</key>
				<string>YES</string>
				<key>ONLY_ACTIVE_ARCH</key>
				<string>YES</string>
				<key>SDKROOT</key>
				<string>iphoneos</string>
				<key>SWIFT_OPTIMIZATION_LEVEL</key>
				<string>-Onone</string>
			</dict>
			<key>isa</key>
			<string>XCBuildConfiguration</string>
			<key>name</key>
			<string>Debug</string>
		</dict>
		<key>C0997C911B1F291D00F32FA0</key>
		<dict>
			<key>buildSettings</key>
			<dict>
				<key>ALWAYS_SEARCH_USER_PATHS</key>
				<string>NO</string>
				<key>CLANG_CXX_LANGUAGE_STANDARD</key>
				<string>gnu++0x</string>
				<key>CLANG_CXX_LIBRARY</key>
				<string>libc++</string>
				<key>CLANG_ENABLE_MODULES</key>
				<string>YES</string>
				<key>CLANG_ENABLE_OBJC_ARC</key>
				<string>YES</string>
				<key>CLANG_WARN_BOOL_CONVERSION</key>
				<string>YES</string>
				<key>CLANG_WARN_CONSTANT_CONVERSION</key>
				<string>YES</string>
				<key>CLANG_WARN_DIRECT_OBJC_ISA_USAGE</key>
				<string>YES_ERROR</string>
				<key>CLANG_WARN_EMPTY_BODY</key>
				<string>YES</string>
				<key>CLANG_WARN_ENUM_CONVERSION</key>
				<string>YES</string>
				<key>CLANG_WARN_INT_CONVERSION</key>
				<string>YES</string>
				<key>CLANG_WARN_OBJC_ROOT_CLASS</key>
				<string>YES_ERROR</string>
				<key>CLANG_WARN_UNREACHABLE_CODE</key>
				<string>YES</string>
				<key>CLANG_WARN__DUPLICATE_METHOD_MATCH</key>
				<string>YES</string>
				<key>CODE_SIGN_IDENTITY[sdk=iphoneos*]</key>
				<string>iPhone Developer</string>
				<key>COPY_PHASE_STRIP</key>
				<string>NO</string>
				<key>DEBUG_INFORMATION_FORMAT</key>
				<string>dwarf-with-dsym</string>
				<key>ENABLE_NS_ASSERTIONS</key>
				<string>NO</string>
				<key>ENABLE_STRICT_OBJC_MSGSEND</key>
				<string>YES</string>
				<key>GCC_C_LANGUAGE_STANDARD</key>
				<string>gnu99</string>
				<key>GCC_NO_COMMON_BLOCKS</key>
				<string>YES</string>
				<key>GCC_WARN_64_TO_32_BIT_CONVERSION</key>
				<string>YES</string>
				<key>GCC_WARN_ABOUT_RETURN_TYPE</key>
				<string>YES_ERROR</string>
				<key>GCC_WARN_UNDECLARED_SELECTOR</key>
				<string>YES</string>
				<key>GCC_WARN_UNINITIALIZED_AUTOS</key>
				<string>YES_AGGRESSIVE</string>
				<key>GCC_WARN_UNUSED_FUNCTION</key>
				<string>YES</string>
				<key>GCC_WARN_UNUSED_VARIABLE</key>
				<string>YES</string>
				<key>IPHONEOS_DEPLOYMENT_TARGET</key>
				<string>8.3</string>
				<key>MTL_ENABLE_DEBUG_INFO</key>
				<string>NO</string>
				<key>SDKROOT</key>
				<string>iphoneos</string>
				<key>VALIDATE_PRODUCT</key>
				<string>YES</string>
			</dict>
			<key>isa</key>
			<string>XCBuildConfiguration</string>
			<key>name</key>
			<string>Release</string>
		</dict>
		<key>C0997C921B1F291D00F32FA0</key>
		<dict>
			<key>buildConfigurations</key>
			<array>
				<string>C0997C931B1F291D00F32FA0</string>
				<string>C0997C941B1F291D00F32FA0</string>
			</array>
			<key>defaultConfigurationIsVisible</key>
			<string>0</string>
			<key>defaultConfigurationName</key>
			<string>Release</string>
			<key>isa</key>
			<string>XCConfigurationList</string>
		</dict>
		<key>C0997C931B1F291D00F32FA0</key>
		<dict>
			<key>baseConfigurationReference</key>
			<string>50C3D238D4A24DA4E349510E</string>
			<key>buildSettings</key>
			<dict>
				<key>ASSETCATALOG_COMPILER_APPICON_NAME</key>
				<string>AppIcon</string>
				<key>INFOPLIST_FILE</key>
				<string>RSSReader/Supporting Files/Info.plist</string>
				<key>LD_RUNPATH_SEARCH_PATHS</key>
				<string>$(inherited) @executable_path/Frameworks</string>
				<key>PRODUCT_NAME</key>
				<string>$(TARGET_NAME)</string>
			</dict>
			<key>isa</key>
			<string>XCBuildConfiguration</string>
			<key>name</key>
			<string>Debug</string>
		</dict>
		<key>C0997C941B1F291D00F32FA0</key>
		<dict>
			<key>baseConfigurationReference</key>
			<string>9B5CBFC0B150569ACE438B69</string>
			<key>buildSettings</key>
			<dict>
				<key>ASSETCATALOG_COMPILER_APPICON_NAME</key>
				<string>AppIcon</string>
				<key>INFOPLIST_FILE</key>
				<string>RSSReader/Supporting Files/Info.plist</string>
				<key>LD_RUNPATH_SEARCH_PATHS</key>
				<string>$(inherited) @executable_path/Frameworks</string>
				<key>PRODUCT_NAME</key>
				<string>$(TARGET_NAME)</string>
			</dict>
			<key>isa</key>
			<string>XCBuildConfiguration</string>
			<key>name</key>
			<string>Release</string>
		</dict>
		<key>C0997C951B1F291D00F32FA0</key>
		<dict>
			<key>buildConfigurations</key>
			<array>
				<string>C0997C961B1F291D00F32FA0</string>
				<string>C0997C971B1F291D00F32FA0</string>
			</array>
			<key>defaultConfigurationIsVisible</key>
			<string>0</string>
			<key>defaultConfigurationName</key>
			<string>Release</string>
			<key>isa</key>
			<string>XCConfigurationList</string>
		</dict>
		<key>C0997C961B1F291D00F32FA0</key>
		<dict>
			<key>baseConfigurationReference</key>
			<string>90EBE9974115350390E51C13</string>
			<key>buildSettings</key>
			<dict>
				<key>BUNDLE_LOADER</key>
				<string>$(TEST_HOST)</string>
				<key>FRAMEWORK_SEARCH_PATHS</key>
				<array>
					<string>$(SDKROOT)/Developer/Library/Frameworks</string>
					<string>$(inherited)</string>
				</array>
				<key>GCC_PREPROCESSOR_DEFINITIONS</key>
				<array>
					<string>DEBUG=1</string>
					<string>$(inherited)</string>
				</array>
				<key>INFOPLIST_FILE</key>
				<string>RSSReaderTests/Supporting Files/Info.plist</string>
				<key>LD_RUNPATH_SEARCH_PATHS</key>
				<string>$(inherited) @executable_path/Frameworks @loader_path/Frameworks</string>
				<key>PRODUCT_NAME</key>
				<string>$(TARGET_NAME)</string>
				<key>TEST_HOST</key>
				<string>$(BUILT_PRODUCTS_DIR)/RSSReader.app/RSSReader</string>
			</dict>
			<key>isa</key>
			<string>XCBuildConfiguration</string>
			<key>name</key>
			<string>Debug</string>
		</dict>
		<key>C0997C971B1F291D00F32FA0</key>
		<dict>
			<key>baseConfigurationReference</key>
			<string>751CB899A0460C9847A4EDCA</string>
			<key>buildSettings</key>
			<dict>
				<key>BUNDLE_LOADER</key>
				<string>$(TEST_HOST)</string>
				<key>FRAMEWORK_SEARCH_PATHS</key>
				<array>
					<string>$(SDKROOT)/Developer/Library/Frameworks</string>
					<string>$(inherited)</string>
				</array>
				<key>INFOPLIST_FILE</key>
				<string>RSSReaderTests/Supporting Files/Info.plist</string>
				<key>LD_RUNPATH_SEARCH_PATHS</key>
				<string>$(inherited) @executable_path/Frameworks @loader_path/Frameworks</string>
				<key>PRODUCT_NAME</key>
				<string>$(TARGET_NAME)</string>
				<key>TEST_HOST</key>
				<string>$(BUILT_PRODUCTS_DIR)/RSSReader.app/RSSReader</string>
			</dict>
			<key>isa</key>
			<string>XCBuildConfiguration</string>
			<key>name</key>
			<string>Release</string>
		</dict>
		<key>C0997C981B1F2A4B00F32FA0</key>
		<dict>
			<key>fileEncoding</key>
			<string>4</string>
			<key>isa</key>
			<string>PBXFileReference</string>
			<key>lastKnownFileType</key>
			<string>sourcecode.swift</string>
			<key>path</key>
			<string>WebViewController.swift</string>
			<key>sourceTree</key>
			<string>&lt;group&gt;</string>
		</dict>
		<key>C0997C991B1F2A4B00F32FA0</key>
		<dict>
			<key>fileRef</key>
			<string>C0997C981B1F2A4B00F32FA0</string>
			<key>isa</key>
			<string>PBXBuildFile</string>
		</dict>
		<key>C0997C9E1B1FF8DA00F32FA0</key>
		<dict>
			<key>fileEncoding</key>
			<string>4</string>
			<key>isa</key>
			<string>PBXFileReference</string>
			<key>lastKnownFileType</key>
			<string>sourcecode.swift</string>
			<key>path</key>
			<string>CustomTableViewCell.swift</string>
			<key>sourceTree</key>
			<string>&lt;group&gt;</string>
		</dict>
		<key>C0997C9F1B1FF8DA00F32FA0</key>
		<dict>
			<key>fileRef</key>
			<string>C0997C9E1B1FF8DA00F32FA0</string>
			<key>isa</key>
			<string>PBXBuildFile</string>
		</dict>
		<key>C0997CA01B2040DC00F32FA0</key>
		<dict>
			<key>isa</key>
			<string>PBXFileReference</string>
			<key>lastKnownFileType</key>
			<string>image.png</string>
			<key>path</key>
			<string>placeholder.png</string>
			<key>sourceTree</key>
			<string>&lt;group&gt;</string>
		</dict>
		<key>C0997CA11B2040DC00F32FA0</key>
		<dict>
			<key>fileRef</key>
			<string>C0997CA01B2040DC00F32FA0</string>
			<key>isa</key>
			<string>PBXBuildFile</string>
		</dict>
		<key>C0997CA41B21740800F32FA0</key>
		<dict>
			<key>fileEncoding</key>
			<string>4</string>
			<key>isa</key>
			<string>PBXFileReference</string>
			<key>lastKnownFileType</key>
			<string>sourcecode.swift</string>
			<key>path</key>
			<string>ImageLoader.swift</string>
			<key>sourceTree</key>
			<string>&lt;group&gt;</string>
		</dict>
		<key>C0997CA51B21740800F32FA0</key>
		<dict>
			<key>fileRef</key>
			<string>C0997CA41B21740800F32FA0</string>
			<key>isa</key>
			<string>PBXBuildFile</string>
		</dict>
		<key>E52728F50E6C0493E1D18B96</key>
		<dict>
			<key>buildActionMask</key>
			<string>2147483647</string>
			<key>files</key>
			<array/>
			<key>inputPaths</key>
			<array/>
			<key>isa</key>
			<string>PBXShellScriptBuildPhase</string>
			<key>name</key>
			<string>Copy Pods Resources</string>
			<key>outputPaths</key>
			<array/>
			<key>runOnlyForDeploymentPostprocessing</key>
			<string>0</string>
			<key>shellPath</key>
			<string>/bin/sh</string>
			<key>shellScript</key>
			<string>"${SRCROOT}/Pods/Target Support Files/Pods-RSSReader/Pods-RSSReader-resources.sh"
</string>
			<key>showEnvVarsInLog</key>
			<string>0</string>
		</dict>
		<key>E80B88648A79CAC2E93F1B0D</key>
		<dict>
			<key>buildActionMask</key>
			<string>2147483647</string>
			<key>files</key>
			<array/>
			<key>inputPaths</key>
			<array/>
			<key>isa</key>
			<string>PBXShellScriptBuildPhase</string>
			<key>name</key>
			<string>Check Pods Manifest.lock</string>
			<key>outputPaths</key>
			<array/>
			<key>runOnlyForDeploymentPostprocessing</key>
			<string>0</string>
			<key>shellPath</key>
			<string>/bin/sh</string>
			<key>shellScript</key>
			<string>diff "${PODS_ROOT}/../Podfile.lock" "${PODS_ROOT}/Manifest.lock" &gt; /dev/null
if [[ $? != 0 ]] ; then
    cat &lt;&lt; EOM
error: The sandbox is not in sync with the Podfile.lock. Run 'pod install' or update your CocoaPods installation.
EOM
    exit 1
fi
</string>
			<key>showEnvVarsInLog</key>
			<string>0</string>
		</dict>
	</dict>
	<key>rootObject</key>
	<string>C0997C681B1F291D00F32FA0</string>
</dict>
</plist>
